// !$*UTF8*$!
{
	archiveVersion = 1;
	classes = {
	};
	objectVersion = 46;
	objects = {

/* Begin PBXBuildFile section */
		920E5EBF1A615EAC00B0E5E3 /* AppDelegate.swift in Sources */ = {isa = PBXBuildFile; fileRef = 920E5EBE1A615EAC00B0E5E3 /* AppDelegate.swift */; };
		920E5EC11A615EAC00B0E5E3 /* GOOpenerController.swift in Sources */ = {isa = PBXBuildFile; fileRef = 920E5EC01A615EAC00B0E5E3 /* GOOpenerController.swift */; };
		920E5EC61A615EAC00B0E5E3 /* Images.xcassets in Resources */ = {isa = PBXBuildFile; fileRef = 920E5EC51A615EAC00B0E5E3 /* Images.xcassets */; };
		920E5EC91A615EAC00B0E5E3 /* LaunchScreen.xib in Resources */ = {isa = PBXBuildFile; fileRef = 920E5EC71A615EAC00B0E5E3 /* LaunchScreen.xib */; };
		9224EB241A688CBC00981CBE /* GOSettingsController.swift in Sources */ = {isa = PBXBuildFile; fileRef = 9224EB231A688CBC00981CBE /* GOSettingsController.swift */; };
		922973C21A65891300C7E9A9 /* BTService.swift in Sources */ = {isa = PBXBuildFile; fileRef = 922973C11A65891300C7E9A9 /* BTService.swift */; };
		922973C31A658B9F00C7E9A9 /* Main.storyboard in Resources */ = {isa = PBXBuildFile; fileRef = 920E5EC21A615EAC00B0E5E3 /* Main.storyboard */; };
		926AE0E71A61D28600A19238 /* BTDiscoveryManager.swift in Sources */ = {isa = PBXBuildFile; fileRef = 926AE0E61A61D28600A19238 /* BTDiscoveryManager.swift */; };
		926AE0ED1A630A8000A19238 /* BTConstants.swift in Sources */ = {isa = PBXBuildFile; fileRef = 926AE0EC1A630A8000A19238 /* BTConstants.swift */; };
		92784C1F1A659E9B00AB46E9 /* UIColorExtension.swift in Sources */ = {isa = PBXBuildFile; fileRef = 92784C1E1A659E9B00AB46E9 /* UIColorExtension.swift */; };
		92784C211A659F3500AB46E9 /* UIImageExtension.swift in Sources */ = {isa = PBXBuildFile; fileRef = 92784C201A659F3500AB46E9 /* UIImageExtension.swift */; };
		92AB03361A73AF7F00D3CCCD /* GOCaptureController.swift in Sources */ = {isa = PBXBuildFile; fileRef = 92AB03351A73AF7F00D3CCCD /* GOCaptureController.swift */; };
		92EE278B1A6FD63400EA980B /* AVCaptureDeviceExtension.swift in Sources */ = {isa = PBXBuildFile; fileRef = 92EE278A1A6FD63400EA980B /* AVCaptureDeviceExtension.swift */; };
/* End PBXBuildFile section */

/* Begin PBXFileReference section */
		920E5EB91A615EAC00B0E5E3 /* Garage Opener.app */ = {isa = PBXFileReference; explicitFileType = wrapper.application; includeInIndex = 0; path = "Garage Opener.app"; sourceTree = BUILT_PRODUCTS_DIR; };
		920E5EBD1A615EAC00B0E5E3 /* Info.plist */ = {isa = PBXFileReference; lastKnownFileType = text.plist.xml; path = Info.plist; sourceTree = "<group>"; };
		920E5EBE1A615EAC00B0E5E3 /* AppDelegate.swift */ = {isa = PBXFileReference; lastKnownFileType = sourcecode.swift; path = AppDelegate.swift; sourceTree = "<group>"; };
		920E5EC01A615EAC00B0E5E3 /* GOOpenerController.swift */ = {isa = PBXFileReference; lastKnownFileType = sourcecode.swift; path = GOOpenerController.swift; sourceTree = "<group>"; };
		920E5EC31A615EAC00B0E5E3 /* Base */ = {isa = PBXFileReference; lastKnownFileType = file.storyboard; name = Base; path = Base.lproj/Main.storyboard; sourceTree = "<group>"; };
		920E5EC51A615EAC00B0E5E3 /* Images.xcassets */ = {isa = PBXFileReference; lastKnownFileType = folder.assetcatalog; path = Images.xcassets; sourceTree = "<group>"; };
		920E5EC81A615EAC00B0E5E3 /* Base */ = {isa = PBXFileReference; lastKnownFileType = file.xib; name = Base; path = Base.lproj/LaunchScreen.xib; sourceTree = "<group>"; };
		920E5ED31A615EAC00B0E5E3 /* Info.plist */ = {isa = PBXFileReference; lastKnownFileType = text.plist.xml; path = Info.plist; sourceTree = "<group>"; };
		920E5ED41A615EAC00B0E5E3 /* GarageOpenerTests.swift */ = {isa = PBXFileReference; lastKnownFileType = sourcecode.swift; path = GarageOpenerTests.swift; sourceTree = "<group>"; };
		9224EB231A688CBC00981CBE /* GOSettingsController.swift */ = {isa = PBXFileReference; fileEncoding = 4; lastKnownFileType = sourcecode.swift; path = GOSettingsController.swift; sourceTree = "<group>"; };
		922973C11A65891300C7E9A9 /* BTService.swift */ = {isa = PBXFileReference; fileEncoding = 4; lastKnownFileType = sourcecode.swift; path = BTService.swift; sourceTree = "<group>"; };
		926AE0E61A61D28600A19238 /* BTDiscoveryManager.swift */ = {isa = PBXFileReference; fileEncoding = 4; lastKnownFileType = sourcecode.swift; path = BTDiscoveryManager.swift; sourceTree = "<group>"; };
		926AE0EC1A630A8000A19238 /* BTConstants.swift */ = {isa = PBXFileReference; fileEncoding = 4; lastKnownFileType = sourcecode.swift; path = BTConstants.swift; sourceTree = "<group>"; };
		92784C1E1A659E9B00AB46E9 /* UIColorExtension.swift */ = {isa = PBXFileReference; fileEncoding = 4; lastKnownFileType = sourcecode.swift; path = UIColorExtension.swift; sourceTree = "<group>"; };
		92784C201A659F3500AB46E9 /* UIImageExtension.swift */ = {isa = PBXFileReference; fileEncoding = 4; lastKnownFileType = sourcecode.swift; path = UIImageExtension.swift; sourceTree = "<group>"; };
		92AB03351A73AF7F00D3CCCD /* GOCaptureController.swift */ = {isa = PBXFileReference; fileEncoding = 4; lastKnownFileType = sourcecode.swift; path = GOCaptureController.swift; sourceTree = "<group>"; };
		92EE278A1A6FD63400EA980B /* AVCaptureDeviceExtension.swift */ = {isa = PBXFileReference; fileEncoding = 4; lastKnownFileType = sourcecode.swift; path = AVCaptureDeviceExtension.swift; sourceTree = "<group>"; };
/* End PBXFileReference section */

/* Begin PBXFrameworksBuildPhase section */
		920E5EB61A615EAC00B0E5E3 /* Frameworks */ = {
			isa = PBXFrameworksBuildPhase;
			buildActionMask = 2147483647;
			files = (
			);
			runOnlyForDeploymentPostprocessing = 0;
		};
/* End PBXFrameworksBuildPhase section */

/* Begin PBXGroup section */
		920E5EB01A615EAC00B0E5E3 = {
			isa = PBXGroup;
			children = (
				920E5EBB1A615EAC00B0E5E3 /* GarageOpener */,
				920E5ED11A615EAC00B0E5E3 /* GarageOpenerTests */,
				920E5EBA1A615EAC00B0E5E3 /* Products */,
			);
			sourceTree = "<group>";
		};
		920E5EBA1A615EAC00B0E5E3 /* Products */ = {
			isa = PBXGroup;
			children = (
				920E5EB91A615EAC00B0E5E3 /* Garage Opener.app */,
			);
			name = Products;
			sourceTree = "<group>";
		};
		920E5EBB1A615EAC00B0E5E3 /* GarageOpener */ = {
			isa = PBXGroup;
			children = (
				920E5EBE1A615EAC00B0E5E3 /* AppDelegate.swift */,
				92AB03351A73AF7F00D3CCCD /* GOCaptureController.swift */,
				920E5EC01A615EAC00B0E5E3 /* GOOpenerController.swift */,
				9224EB231A688CBC00981CBE /* GOSettingsController.swift */,
				920E5EC21A615EAC00B0E5E3 /* Main.storyboard */,
				920E5EC51A615EAC00B0E5E3 /* Images.xcassets */,
				920E5EC71A615EAC00B0E5E3 /* LaunchScreen.xib */,
				920E5EBC1A615EAC00B0E5E3 /* Supporting Files */,
				926AE0E61A61D28600A19238 /* BTDiscoveryManager.swift */,
				922973C11A65891300C7E9A9 /* BTService.swift */,
				926AE0EC1A630A8000A19238 /* BTConstants.swift */,
				92784C1E1A659E9B00AB46E9 /* UIColorExtension.swift */,
				92784C201A659F3500AB46E9 /* UIImageExtension.swift */,
				92EE278A1A6FD63400EA980B /* AVCaptureDeviceExtension.swift */,
			);
			path = GarageOpener;
			sourceTree = "<group>";
		};
		920E5EBC1A615EAC00B0E5E3 /* Supporting Files */ = {
			isa = PBXGroup;
			children = (
				920E5EBD1A615EAC00B0E5E3 /* Info.plist */,
			);
			name = "Supporting Files";
			sourceTree = "<group>";
		};
		920E5ED11A615EAC00B0E5E3 /* GarageOpenerTests */ = {
			isa = PBXGroup;
			children = (
				920E5ED41A615EAC00B0E5E3 /* GarageOpenerTests.swift */,
				920E5ED21A615EAC00B0E5E3 /* Supporting Files */,
			);
			path = GarageOpenerTests;
			sourceTree = "<group>";
		};
		920E5ED21A615EAC00B0E5E3 /* Supporting Files */ = {
			isa = PBXGroup;
			children = (
				920E5ED31A615EAC00B0E5E3 /* Info.plist */,
			);
			name = "Supporting Files";
			sourceTree = "<group>";
		};
/* End PBXGroup section */

/* Begin PBXNativeTarget section */
		920E5EB81A615EAC00B0E5E3 /* Garage Opener */ = {
			isa = PBXNativeTarget;
			buildConfigurationList = 920E5ED81A615EAC00B0E5E3 /* Build configuration list for PBXNativeTarget "Garage Opener" */;
			buildPhases = (
				920E5EB51A615EAC00B0E5E3 /* Sources */,
				920E5EB61A615EAC00B0E5E3 /* Frameworks */,
				920E5EB71A615EAC00B0E5E3 /* Resources */,
			);
			buildRules = (
			);
			dependencies = (
			);
			name = "Garage Opener";
			productName = GarageOpener;
			productReference = 920E5EB91A615EAC00B0E5E3 /* Garage Opener.app */;
			productType = "com.apple.product-type.application";
		};
/* End PBXNativeTarget section */

/* Begin PBXProject section */
		920E5EB11A615EAC00B0E5E3 /* Project object */ = {
			isa = PBXProject;
			attributes = {
				LastUpgradeCheck = 0830;
				ORGANIZATIONNAME = "Thomas Malt";
				TargetAttributes = {
					920E5EB81A615EAC00B0E5E3 = {
						CreatedOnToolsVersion = 6.1.1;
						DevelopmentTeam = BCUDVWF99H;
						LastSwiftMigration = 0830;
					};
				};
			};
			buildConfigurationList = 920E5EB41A615EAC00B0E5E3 /* Build configuration list for PBXProject "GarageOpener" */;
			compatibilityVersion = "Xcode 3.2";
			developmentRegion = English;
			hasScannedForEncodings = 0;
			knownRegions = (
				en,
				Base,
			);
			mainGroup = 920E5EB01A615EAC00B0E5E3;
			productRefGroup = 920E5EBA1A615EAC00B0E5E3 /* Products */;
			projectDirPath = "";
			projectRoot = "";
			targets = (
				920E5EB81A615EAC00B0E5E3 /* Garage Opener */,
			);
		};
/* End PBXProject section */

/* Begin PBXResourcesBuildPhase section */
		920E5EB71A615EAC00B0E5E3 /* Resources */ = {
			isa = PBXResourcesBuildPhase;
			buildActionMask = 2147483647;
			files = (
				922973C31A658B9F00C7E9A9 /* Main.storyboard in Resources */,
				920E5EC91A615EAC00B0E5E3 /* LaunchScreen.xib in Resources */,
				920E5EC61A615EAC00B0E5E3 /* Images.xcassets in Resources */,
			);
			runOnlyForDeploymentPostprocessing = 0;
		};
/* End PBXResourcesBuildPhase section */

/* Begin PBXSourcesBuildPhase section */
		920E5EB51A615EAC00B0E5E3 /* Sources */ = {
			isa = PBXSourcesBuildPhase;
			buildActionMask = 2147483647;
			files = (
				9224EB241A688CBC00981CBE /* GOSettingsController.swift in Sources */,
				920E5EC11A615EAC00B0E5E3 /* GOOpenerController.swift in Sources */,
				926AE0E71A61D28600A19238 /* BTDiscoveryManager.swift in Sources */,
				92EE278B1A6FD63400EA980B /* AVCaptureDeviceExtension.swift in Sources */,
				92784C211A659F3500AB46E9 /* UIImageExtension.swift in Sources */,
				922973C21A65891300C7E9A9 /* BTService.swift in Sources */,
				926AE0ED1A630A8000A19238 /* BTConstants.swift in Sources */,
				920E5EBF1A615EAC00B0E5E3 /* AppDelegate.swift in Sources */,
				92AB03361A73AF7F00D3CCCD /* GOCaptureController.swift in Sources */,
				92784C1F1A659E9B00AB46E9 /* UIColorExtension.swift in Sources */,
			);
			runOnlyForDeploymentPostprocessing = 0;
		};
/* End PBXSourcesBuildPhase section */

/* Begin PBXVariantGroup section */
		920E5EC21A615EAC00B0E5E3 /* Main.storyboard */ = {
			isa = PBXVariantGroup;
			children = (
				920E5EC31A615EAC00B0E5E3 /* Base */,
			);
			name = Main.storyboard;
			sourceTree = "<group>";
		};
		920E5EC71A615EAC00B0E5E3 /* LaunchScreen.xib */ = {
			isa = PBXVariantGroup;
			children = (
				920E5EC81A615EAC00B0E5E3 /* Base */,
			);
			name = LaunchScreen.xib;
			sourceTree = "<group>";
		};
/* End PBXVariantGroup section */

/* Begin XCBuildConfiguration section */
		920E5ED61A615EAC00B0E5E3 /* Debug */ = {
			isa = XCBuildConfiguration;
			buildSettings = {
				ALWAYS_SEARCH_USER_PATHS = NO;
				CLANG_CXX_LANGUAGE_STANDARD = "gnu++0x";
				CLANG_CXX_LIBRARY = "libc++";
				CLANG_ENABLE_MODULES = YES;
				CLANG_ENABLE_OBJC_ARC = YES;
				CLANG_WARN_BOOL_CONVERSION = YES;
				CLANG_WARN_CONSTANT_CONVERSION = YES;
				CLANG_WARN_DIRECT_OBJC_ISA_USAGE = YES_ERROR;
				CLANG_WARN_EMPTY_BODY = YES;
				CLANG_WARN_ENUM_CONVERSION = YES;
				CLANG_WARN_INFINITE_RECURSION = YES;
				CLANG_WARN_INT_CONVERSION = YES;
				CLANG_WARN_OBJC_ROOT_CLASS = YES_ERROR;
				CLANG_WARN_SUSPICIOUS_MOVE = YES;
				CLANG_WARN_UNREACHABLE_CODE = YES;
				CLANG_WARN__DUPLICATE_METHOD_MATCH = YES;
				CODE_SIGN_IDENTITY = "iPhone Developer: Thomas Malt (Y2DTPFUQ77)";
				"CODE_SIGN_IDENTITY[sdk=iphoneos*]" = "iPhone Developer";
				COPY_PHASE_STRIP = NO;
				ENABLE_STRICT_OBJC_MSGSEND = YES;
				ENABLE_TESTABILITY = YES;
				GCC_C_LANGUAGE_STANDARD = gnu99;
				GCC_DYNAMIC_NO_PIC = NO;
				GCC_NO_COMMON_BLOCKS = YES;
				GCC_OPTIMIZATION_LEVEL = 0;
				GCC_PREPROCESSOR_DEFINITIONS = (
					"DEBUG=1",
					"$(inherited)",
				);
				GCC_SYMBOLS_PRIVATE_EXTERN = NO;
				GCC_WARN_64_TO_32_BIT_CONVERSION = YES;
				GCC_WARN_ABOUT_RETURN_TYPE = YES_ERROR;
				GCC_WARN_UNDECLARED_SELECTOR = YES;
				GCC_WARN_UNINITIALIZED_AUTOS = YES_AGGRESSIVE;
				GCC_WARN_UNUSED_FUNCTION = YES;
				GCC_WARN_UNUSED_VARIABLE = YES;
				IPHONEOS_DEPLOYMENT_TARGET = 8.0;
				MTL_ENABLE_DEBUG_INFO = YES;
				ONLY_ACTIVE_ARCH = YES;
				SDKROOT = iphoneos;
				SWIFT_OPTIMIZATION_LEVEL = "-Onone";
				TARGETED_DEVICE_FAMILY = 1;
			};
			name = Debug;
		};
		920E5ED71A615EAC00B0E5E3 /* Release */ = {
			isa = XCBuildConfiguration;
			buildSettings = {
				ALWAYS_SEARCH_USER_PATHS = NO;
				CLANG_CXX_LANGUAGE_STANDARD = "gnu++0x";
				CLANG_CXX_LIBRARY = "libc++";
				CLANG_ENABLE_MODULES = YES;
				CLANG_ENABLE_OBJC_ARC = YES;
				CLANG_WARN_BOOL_CONVERSION = YES;
				CLANG_WARN_CONSTANT_CONVERSION = YES;
				CLANG_WARN_DIRECT_OBJC_ISA_USAGE = YES_ERROR;
				CLANG_WARN_EMPTY_BODY = YES;
				CLANG_WARN_ENUM_CONVERSION = YES;
				CLANG_WARN_INFINITE_RECURSION = YES;
				CLANG_WARN_INT_CONVERSION = YES;
				CLANG_WARN_OBJC_ROOT_CLASS = YES_ERROR;
				CLANG_WARN_SUSPICIOUS_MOVE = YES;
				CLANG_WARN_UNREACHABLE_CODE = YES;
				CLANG_WARN__DUPLICATE_METHOD_MATCH = YES;
				CODE_SIGN_IDENTITY = "iPhone Developer: Thomas Malt (Y2DTPFUQ77)";
				"CODE_SIGN_IDENTITY[sdk=iphoneos*]" = "iPhone Developer";
				COPY_PHASE_STRIP = YES;
				ENABLE_NS_ASSERTIONS = NO;
				ENABLE_STRICT_OBJC_MSGSEND = YES;
				GCC_C_LANGUAGE_STANDARD = gnu99;
				GCC_NO_COMMON_BLOCKS = YES;
				GCC_WARN_64_TO_32_BIT_CONVERSION = YES;
				GCC_WARN_ABOUT_RETURN_TYPE = YES_ERROR;
				GCC_WARN_UNDECLARED_SELECTOR = YES;
				GCC_WARN_UNINITIALIZED_AUTOS = YES_AGGRESSIVE;
				GCC_WARN_UNUSED_FUNCTION = YES;
				GCC_WARN_UNUSED_VARIABLE = YES;
				IPHONEOS_DEPLOYMENT_TARGET = 8.0;
				MTL_ENABLE_DEBUG_INFO = NO;
				ONLY_ACTIVE_ARCH = YES;
				SDKROOT = iphoneos;
				SWIFT_OPTIMIZATION_LEVEL = "-Owholemodule";
				TARGETED_DEVICE_FAMILY = 1;
				VALIDATE_PRODUCT = YES;
			};
			name = Release;
		};
		920E5ED91A615EAC00B0E5E3 /* Debug */ = {
			isa = XCBuildConfiguration;
			buildSettings = {
				ASSETCATALOG_COMPILER_APPICON_NAME = AppIcon;
				CODE_SIGN_IDENTITY = "iPhone Developer";
				"CODE_SIGN_IDENTITY[sdk=iphoneos*]" = "iPhone Developer";
				DEVELOPMENT_TEAM = BCUDVWF99H;
				INFOPLIST_FILE = GarageOpener/Info.plist;
				IPHONEOS_DEPLOYMENT_TARGET = 10.3;
				LD_RUNPATH_SEARCH_PATHS = "$(inherited) @executable_path/Frameworks";
				ONLY_ACTIVE_ARCH = NO;
				PRODUCT_BUNDLE_IDENTIFIER = "no.malt.$(PRODUCT_NAME:rfc1034identifier)";
				PRODUCT_NAME = "$(TARGET_NAME)";
				PROVISIONING_PROFILE = "";
				SWIFT_VERSION = 3.0;
				TARGETED_DEVICE_FAMILY = 1;
			};
			name = Debug;
		};
		920E5EDA1A615EAC00B0E5E3 /* Release */ = {
			isa = XCBuildConfiguration;
			buildSettings = {
				ASSETCATALOG_COMPILER_APPICON_NAME = AppIcon;
				CODE_SIGN_IDENTITY = "iPhone Developer";
				"CODE_SIGN_IDENTITY[sdk=iphoneos*]" = "iPhone Developer";
				DEVELOPMENT_TEAM = BCUDVWF99H;
				INFOPLIST_FILE = GarageOpener/Info.plist;
				IPHONEOS_DEPLOYMENT_TARGET = 10.3;
				LD_RUNPATH_SEARCH_PATHS = "$(inherited) @executable_path/Frameworks";
				ONLY_ACTIVE_ARCH = NO;
				PRODUCT_BUNDLE_IDENTIFIER = "no.malt.$(PRODUCT_NAME:rfc1034identifier)";
				PRODUCT_NAME = "$(TARGET_NAME)";
				PROVISIONING_PROFILE = "";
				SWIFT_VERSION = 3.0;
				TARGETED_DEVICE_FAMILY = 1;
			};
			name = Release;
		};
/* End XCBuildConfiguration section */

/* Begin XCConfigurationList section */
		920E5EB41A615EAC00B0E5E3 /* Build configuration list for PBXProject "GarageOpener" */ = {
			isa = XCConfigurationList;
			buildConfigurations = (
				920E5ED61A615EAC00B0E5E3 /* Debug */,
				920E5ED71A615EAC00B0E5E3 /* Release */,
			);
			defaultConfigurationIsVisible = 0;
			defaultConfigurationName = Release;
		};
		920E5ED81A615EAC00B0E5E3 /* Build configuration list for PBXNativeTarget "Garage Opener" */ = {
			isa = XCConfigurationList;
			buildConfigurations = (
				920E5ED91A615EAC00B0E5E3 /* Debug */,
				920E5EDA1A615EAC00B0E5E3 /* Release */,
			);
			defaultConfigurationIsVisible = 0;
			defaultConfigurationName = Release;
		};
/* End XCConfigurationList section */
	};
	rootObject = 920E5EB11A615EAC00B0E5E3 /* Project object */;
}
